// !$*UTF8*$!
{
	archiveVersion = 1;
	classes = {
	};
	objectVersion = 56;
	objects = {

/* Begin PBXBuildFile section */
		B61330522B3C9EDC00E3060C /* SystemValuesPhoneApp.swift in Sources */ = {isa = PBXBuildFile; fileRef = B61330512B3C9EDC00E3060C /* SystemValuesPhoneApp.swift */; };
		B61330542B3C9EDC00E3060C /* ContentView.swift in Sources */ = {isa = PBXBuildFile; fileRef = B61330532B3C9EDC00E3060C /* ContentView.swift */; };
		B61330562B3C9EDE00E3060C /* Assets.xcassets in Resources */ = {isa = PBXBuildFile; fileRef = B61330552B3C9EDE00E3060C /* Assets.xcassets */; };
		B61330592B3C9EDE00E3060C /* Preview Assets.xcassets in Resources */ = {isa = PBXBuildFile; fileRef = B61330582B3C9EDE00E3060C /* Preview Assets.xcassets */; };
		B67F600C2B3CA381006675DD /* ViewModelSystemValues.swift in Sources */ = {isa = PBXBuildFile; fileRef = B67F600B2B3CA381006675DD /* ViewModelSystemValues.swift */; };
		B67F600E2B3CA475006675DD /* PhoneInfoView.swift in Sources */ = {isa = PBXBuildFile; fileRef = B67F600D2B3CA475006675DD /* PhoneInfoView.swift */; };
		B6BABA272B3CA61B0055E135 /* Alamofire in Frameworks */ = {isa = PBXBuildFile; productRef = B6BABA262B3CA61B0055E135 /* Alamofire */; };
/* End PBXBuildFile section */

/* Begin PBXFileReference section */
		B613304E2B3C9EDC00E3060C /* SystemValuesPhone.app */ = {isa = PBXFileReference; explicitFileType = wrapper.application; includeInIndex = 0; path = SystemValuesPhone.app; sourceTree = BUILT_PRODUCTS_DIR; };
		B61330512B3C9EDC00E3060C /* SystemValuesPhoneApp.swift */ = {isa = PBXFileReference; lastKnownFileType = sourcecode.swift; path = SystemValuesPhoneApp.swift; sourceTree = "<group>"; };
		B61330532B3C9EDC00E3060C /* ContentView.swift */ = {isa = PBXFileReference; lastKnownFileType = sourcecode.swift; path = ContentView.swift; sourceTree = "<group>"; };
		B61330552B3C9EDE00E3060C /* Assets.xcassets */ = {isa = PBXFileReference; lastKnownFileType = folder.assetcatalog; path = Assets.xcassets; sourceTree = "<group>"; };
		B61330582B3C9EDE00E3060C /* Preview Assets.xcassets */ = {isa = PBXFileReference; lastKnownFileType = folder.assetcatalog; path = "Preview Assets.xcassets"; sourceTree = "<group>"; };
		B67F600B2B3CA381006675DD /* ViewModelSystemValues.swift */ = {isa = PBXFileReference; lastKnownFileType = sourcecode.swift; path = ViewModelSystemValues.swift; sourceTree = "<group>"; };
		B67F600D2B3CA475006675DD /* PhoneInfoView.swift */ = {isa = PBXFileReference; lastKnownFileType = sourcecode.swift; path = PhoneInfoView.swift; sourceTree = "<group>"; };
/* End PBXFileReference section */

/* Begin PBXFrameworksBuildPhase section */
		B613304B2B3C9EDC00E3060C /* Frameworks */ = {
			isa = PBXFrameworksBuildPhase;
			buildActionMask = 2147483647;
			files = (
				B6BABA272B3CA61B0055E135 /* Alamofire in Frameworks */,
			);
			runOnlyForDeploymentPostprocessing = 0;
		};
/* End PBXFrameworksBuildPhase section */

/* Begin PBXGroup section */
		B61330452B3C9EDC00E3060C = {
			isa = PBXGroup;
			children = (
				B61330502B3C9EDC00E3060C /* SystemValuesPhone */,
				B613304F2B3C9EDC00E3060C /* Products */,
			);
			sourceTree = "<group>";
		};
		B613304F2B3C9EDC00E3060C /* Products */ = {
			isa = PBXGroup;
			children = (
				B613304E2B3C9EDC00E3060C /* SystemValuesPhone.app */,
			);
			name = Products;
			sourceTree = "<group>";
		};
		B61330502B3C9EDC00E3060C /* SystemValuesPhone */ = {
			isa = PBXGroup;
			children = (
				B61330512B3C9EDC00E3060C /* SystemValuesPhoneApp.swift */,
				B67F600B2B3CA381006675DD /* ViewModelSystemValues.swift */,
				B61330532B3C9EDC00E3060C /* ContentView.swift */,
				B67F600D2B3CA475006675DD /* PhoneInfoView.swift */,
				B61330552B3C9EDE00E3060C /* Assets.xcassets */,
				B61330572B3C9EDE00E3060C /* Preview Content */,
			);
			path = SystemValuesPhone;
			sourceTree = "<group>";
		};
		B61330572B3C9EDE00E3060C /* Preview Content */ = {
			isa = PBXGroup;
			children = (
				B61330582B3C9EDE00E3060C /* Preview Assets.xcassets */,
			);
			path = "Preview Content";
			sourceTree = "<group>";
		};
/* End PBXGroup section */

/* Begin PBXNativeTarget section */
		B613304D2B3C9EDC00E3060C /* SystemValuesPhone */ = {
			isa = PBXNativeTarget;
			buildConfigurationList = B613305C2B3C9EDE00E3060C /* Build configuration list for PBXNativeTarget "SystemValuesPhone" */;
			buildPhases = (
				B613304A2B3C9EDC00E3060C /* Sources */,
				B613304B2B3C9EDC00E3060C /* Frameworks */,
				B613304C2B3C9EDC00E3060C /* Resources */,
			);
			buildRules = (
			);
			dependencies = (
			);
			name = SystemValuesPhone;
			packageProductDependencies = (
				B6BABA262B3CA61B0055E135 /* Alamofire */,
			);
			productName = SystemValuesPhone;
			productReference = B613304E2B3C9EDC00E3060C /* SystemValuesPhone.app */;
			productType = "com.apple.product-type.application";
		};
/* End PBXNativeTarget section */

/* Begin PBXProject section */
		B61330462B3C9EDC00E3060C /* Project object */ = {
			isa = PBXProject;
			attributes = {
				BuildIndependentTargetsInParallel = 1;
				LastSwiftUpdateCheck = 1430;
				LastUpgradeCheck = 1430;
				TargetAttributes = {
					B613304D2B3C9EDC00E3060C = {
						CreatedOnToolsVersion = 14.3.1;
					};
				};
			};
			buildConfigurationList = B61330492B3C9EDC00E3060C /* Build configuration list for PBXProject "SystemValuesPhone" */;
			compatibilityVersion = "Xcode 14.0";
			developmentRegion = en;
			hasScannedForEncodings = 0;
			knownRegions = (
				en,
				Base,
			);
			mainGroup = B61330452B3C9EDC00E3060C;
			packageReferences = (
				B6BABA252B3CA61B0055E135 /* XCRemoteSwiftPackageReference "Alamofire" */,
			);
			productRefGroup = B613304F2B3C9EDC00E3060C /* Products */;
			projectDirPath = "";
			projectRoot = "";
			targets = (
				B613304D2B3C9EDC00E3060C /* SystemValuesPhone */,
			);
		};
/* End PBXProject section */

/* Begin PBXResourcesBuildPhase section */
		B613304C2B3C9EDC00E3060C /* Resources */ = {
			isa = PBXResourcesBuildPhase;
			buildActionMask = 2147483647;
			files = (
				B61330592B3C9EDE00E3060C /* Preview Assets.xcassets in Resources */,
				B61330562B3C9EDE00E3060C /* Assets.xcassets in Resources */,
			);
			runOnlyForDeploymentPostprocessing = 0;
		};
/* End PBXResourcesBuildPhase section */

/* Begin PBXSourcesBuildPhase section */
		B613304A2B3C9EDC00E3060C /* Sources */ = {
			isa = PBXSourcesBuildPhase;
			buildActionMask = 2147483647;
			files = (
				B67F600C2B3CA381006675DD /* ViewModelSystemValues.swift in Sources */,
				B61330542B3C9EDC00E3060C /* ContentView.swift in Sources */,
				B61330522B3C9EDC00E3060C /* SystemValuesPhoneApp.swift in Sources */,
				B67F600E2B3CA475006675DD /* PhoneInfoView.swift in Sources */,
			);
			runOnlyForDeploymentPostprocessing = 0;
		};
/* End PBXSourcesBuildPhase section */

/* Begin XCBuildConfiguration section */
		B613305A2B3C9EDE00E3060C /* Debug */ = {
			isa = XCBuildConfiguration;
			buildSettings = {
				ALWAYS_SEARCH_USER_PATHS = NO;
				CLANG_ANALYZER_NONNULL = YES;
				CLANG_ANALYZER_NUMBER_OBJECT_CONVERSION = YES_AGGRESSIVE;
				CLANG_CXX_LANGUAGE_STANDARD = "gnu++20";
				CLANG_ENABLE_MODULES = YES;
				CLANG_ENABLE_OBJC_ARC = YES;
				CLANG_ENABLE_OBJC_WEAK = YES;
				CLANG_WARN_BLOCK_CAPTURE_AUTORELEASING = YES;
				CLANG_WARN_BOOL_CONVERSION = YES;
				CLANG_WARN_COMMA = YES;
				CLANG_WARN_CONSTANT_CONVERSION = YES;
				CLANG_WARN_DEPRECATED_OBJC_IMPLEMENTATIONS = YES;
				CLANG_WARN_DIRECT_OBJC_ISA_USAGE = YES_ERROR;
				CLANG_WARN_DOCUMENTATION_COMMENTS = YES;
				CLANG_WARN_EMPTY_BODY = YES;
				CLANG_WARN_ENUM_CONVERSION = YES;
				CLANG_WARN_INFINITE_RECURSION = YES;
				CLANG_WARN_INT_CONVERSION = YES;
				CLANG_WARN_NON_LITERAL_NULL_CONVERSION = YES;
				CLANG_WARN_OBJC_IMPLICIT_RETAIN_SELF = YES;
				CLANG_WARN_OBJC_LITERAL_CONVERSION = YES;
				CLANG_WARN_OBJC_ROOT_CLASS = YES_ERROR;
				CLANG_WARN_QUOTED_INCLUDE_IN_FRAMEWORK_HEADER = YES;
				CLANG_WARN_RANGE_LOOP_ANALYSIS = YES;
				CLANG_WARN_STRICT_PROTOTYPES = YES;
				CLANG_WARN_SUSPICIOUS_MOVE = YES;
				CLANG_WARN_UNGUARDED_AVAILABILITY = YES_AGGRESSIVE;
				CLANG_WARN_UNREACHABLE_CODE = YES;
				CLANG_WARN__DUPLICATE_METHOD_MATCH = YES;
				COPY_PHASE_STRIP = NO;
				DEBUG_INFORMATION_FORMAT = dwarf;
				ENABLE_STRICT_OBJC_MSGSEND = YES;
				ENABLE_TESTABILITY = YES;
				GCC_C_LANGUAGE_STANDARD = gnu11;
				GCC_DYNAMIC_NO_PIC = NO;
				GCC_NO_COMMON_BLOCKS = YES;
				GCC_OPTIMIZATION_LEVEL = 0;
				GCC_PREPROCESSOR_DEFINITIONS = (
					"DEBUG=1",
					"$(inherited)",
				);
				GCC_WARN_64_TO_32_BIT_CONVERSION = YES;
				GCC_WARN_ABOUT_RETURN_TYPE = YES_ERROR;
				GCC_WARN_UNDECLARED_SELECTOR = YES;
				GCC_WARN_UNINITIALIZED_AUTOS = YES_AGGRESSIVE;
				GCC_WARN_UNUSED_FUNCTION = YES;
				GCC_WARN_UNUSED_VARIABLE = YES;
				IPHONEOS_DEPLOYMENT_TARGET = 16.4;
				MTL_ENABLE_DEBUG_INFO = INCLUDE_SOURCE;
				MTL_FAST_MATH = YES;
				ONLY_ACTIVE_ARCH = YES;
				SDKROOT = iphoneos;
				SWIFT_ACTIVE_COMPILATION_CONDITIONS = DEBUG;
				SWIFT_OPTIMIZATION_LEVEL = "-Onone";
			};
			name = Debug;
		};
		B613305B2B3C9EDE00E3060C /* Release */ = {
			isa = XCBuildConfiguration;
			buildSettings = {
				ALWAYS_SEARCH_USER_PATHS = NO;
				CLANG_ANALYZER_NONNULL = YES;
				CLANG_ANALYZER_NUMBER_OBJECT_CONVERSION = YES_AGGRESSIVE;
				CLANG_CXX_LANGUAGE_STANDARD = "gnu++20";
				CLANG_ENABLE_MODULES = YES;
				CLANG_ENABLE_OBJC_ARC = YES;
				CLANG_ENABLE_OBJC_WEAK = YES;
				CLANG_WARN_BLOCK_CAPTURE_AUTORELEASING = YES;
				CLANG_WARN_BOOL_CONVERSION = YES;
				CLANG_WARN_COMMA = YES;
				CLANG_WARN_CONSTANT_CONVERSION = YES;
				CLANG_WARN_DEPRECATED_OBJC_IMPLEMENTATIONS = YES;
				CLANG_WARN_DIRECT_OBJC_ISA_USAGE = YES_ERROR;
				CLANG_WARN_DOCUMENTATION_COMMENTS = YES;
				CLANG_WARN_EMPTY_BODY = YES;
				CLANG_WARN_ENUM_CONVERSION = YES;
				CLANG_WARN_INFINITE_RECURSION = YES;
				CLANG_WARN_INT_CONVERSION = YES;
				CLANG_WARN_NON_LITERAL_NULL_CONVERSION = YES;
				CLANG_WARN_OBJC_IMPLICIT_RETAIN_SELF = YES;
				CLANG_WARN_OBJC_LITERAL_CONVERSION = YES;
				CLANG_WARN_OBJC_ROOT_CLASS = YES_ERROR;
				CLANG_WARN_QUOTED_INCLUDE_IN_FRAMEWORK_HEADER = YES;
				CLANG_WARN_RANGE_LOOP_ANALYSIS = YES;
				CLANG_WARN_STRICT_PROTOTYPES = YES;
				CLANG_WARN_SUSPICIOUS_MOVE = YES;
				CLANG_WARN_UNGUARDED_AVAILABILITY = YES_AGGRESSIVE;
				CLANG_WARN_UNREACHABLE_CODE = YES;
				CLANG_WARN__DUPLICATE_METHOD_MATCH = YES;
				COPY_PHASE_STRIP = NO;
				DEBUG_INFORMATION_FORMAT = "dwarf-with-dsym";
				ENABLE_NS_ASSERTIONS = NO;
				ENABLE_STRICT_OBJC_MSGSEND = YES;
				GCC_C_LANGUAGE_STANDARD = gnu11;
				GCC_NO_COMMON_BLOCKS = YES;
				GCC_WARN_64_TO_32_BIT_CONVERSION = YES;
				GCC_WARN_ABOUT_RETURN_TYPE = YES_ERROR;
				GCC_WARN_UNDECLARED_SELECTOR = YES;
				GCC_WARN_UNINITIALIZED_AUTOS = YES_AGGRESSIVE;
				GCC_WARN_UNUSED_FUNCTION = YES;
				GCC_WARN_UNUSED_VARIABLE = YES;
				IPHONEOS_DEPLOYMENT_TARGET = 16.4;
				MTL_ENABLE_DEBUG_INFO = NO;
				MTL_FAST_MATH = YES;
				SDKROOT = iphoneos;
				SWIFT_COMPILATION_MODE = wholemodule;
				SWIFT_OPTIMIZATION_LEVEL = "-O";
				VALIDATE_PRODUCT = YES;
			};
			name = Release;
		};
		B613305D2B3C9EDE00E3060C /* Debug */ = {
			isa = XCBuildConfiguration;
			buildSettings = {
				ASSETCATALOG_COMPILER_APPICON_NAME = AppIcon;
				ASSETCATALOG_COMPILER_GLOBAL_ACCENT_COLOR_NAME = AccentColor;
				CODE_SIGN_STYLE = Automatic;
				CURRENT_PROJECT_VERSION = 1;
				DEVELOPMENT_ASSET_PATHS = "\"SystemValuesPhone/Preview Content\"";
				DEVELOPMENT_TEAM = SSSY3K9A2F;
				ENABLE_PREVIEWS = YES;
				GENERATE_INFOPLIST_FILE = YES;
				INFOPLIST_KEY_UIApplicationSceneManifest_Generation = YES;
				INFOPLIST_KEY_UIApplicationSupportsIndirectInputEvents = YES;
				INFOPLIST_KEY_UILaunchScreen_Generation = YES;
				INFOPLIST_KEY_UISupportedInterfaceOrientations_iPad = "UIInterfaceOrientationPortrait UIInterfaceOrientationPortraitUpsideDown UIInterfaceOrientationLandscapeLeft UIInterfaceOrientationLandscapeRight";
				INFOPLIST_KEY_UISupportedInterfaceOrientations_iPhone = "UIInterfaceOrientationPortrait UIInterfaceOrientationLandscapeLeft UIInterfaceOrientationLandscapeRight";
				LD_RUNPATH_SEARCH_PATHS = (
					"$(inherited)",
					"@executable_path/Frameworks",
				);
				MARKETING_VERSION = 1.0;
				PRODUCT_BUNDLE_IDENTIFIER = "Stavrova-Ekaterina.SystemValuesPhone";
				PRODUCT_NAME = "$(TARGET_NAME)";
				SUPPORTED_PLATFORMS = "iphoneos iphonesimulator";
				SUPPORTS_MACCATALYST = NO;
				SUPPORTS_MAC_DESIGNED_FOR_IPHONE_IPAD = NO;
				SWIFT_EMIT_LOC_STRINGS = YES;
				SWIFT_VERSION = 5.0;
				TARGETED_DEVICE_FAMILY = 1;
			};
			name = Debug;
		};
		B613305E2B3C9EDE00E3060C /* Release */ = {
			isa = XCBuildConfiguration;
			buildSettings = {
				ASSETCATALOG_COMPILER_APPICON_NAME = AppIcon;
				ASSETCATALOG_COMPILER_GLOBAL_ACCENT_COLOR_NAME = AccentColor;
				CODE_SIGN_STYLE = Automatic;
				CURRENT_PROJECT_VERSION = 1;
				DEVELOPMENT_ASSET_PATHS = "\"SystemValuesPhone/Preview Content\"";
				DEVELOPMENT_TEAM = SSSY3K9A2F;
				ENABLE_PREVIEWS = YES;
				GENERATE_INFOPLIST_FILE = YES;
				INFOPLIST_KEY_UIApplicationSceneManifest_Generation = YES;
				INFOPLIST_KEY_UIApplicationSupportsIndirectInputEvents = YES;
				INFOPLIST_KEY_UILaunchScreen_Generation = YES;
				INFOPLIST_KEY_UISupportedInterfaceOrientations_iPad = "UIInterfaceOrientationPortrait UIInterfaceOrientationPortraitUpsideDown UIInterfaceOrientationLandscapeLeft UIInterfaceOrientationLandscapeRight";
				INFOPLIST_KEY_UISupportedInterfaceOrientations_iPhone = "UIInterfaceOrientationPortrait UIInterfaceOrientationLandscapeLeft UIInterfaceOrientationLandscapeRight";
				LD_RUNPATH_SEARCH_PATHS = (
					"$(inherited)",
					"@executable_path/Frameworks",
				);
				MARKETING_VERSION = 1.0;
				PRODUCT_BUNDLE_IDENTIFIER = "Stavrova-Ekaterina.SystemValuesPhone";
				PRODUCT_NAME = "$(TARGET_NAME)";
				SUPPORTED_PLATFORMS = "iphoneos iphonesimulator";
				SUPPORTS_MACCATALYST = NO;
				SUPPORTS_MAC_DESIGNED_FOR_IPHONE_IPAD = NO;
				SWIFT_EMIT_LOC_STRINGS = YES;
				SWIFT_VERSION = 5.0;
				TARGETED_DEVICE_FAMILY = 1;
			};
			name = Release;
		};
/* End XCBuildConfiguration section */

/* Begin XCConfigurationList section */
		B61330492B3C9EDC00E3060C /* Build configuration list for PBXProject "SystemValuesPhone" */ = {
			isa = XCConfigurationList;
			buildConfigurations = (
				B613305A2B3C9EDE00E3060C /* Debug */,
				B613305B2B3C9EDE00E3060C /* Release */,
			);
			defaultConfigurationIsVisible = 0;
			defaultConfigurationName = Release;
		};
		B613305C2B3C9EDE00E3060C /* Build configuration list for PBXNativeTarget "SystemValuesPhone" */ = {
			isa = XCConfigurationList;
			buildConfigurations = (
				B613305D2B3C9EDE00E3060C /* Debug */,
				B613305E2B3C9EDE00E3060C /* Release */,
			);
			defaultConfigurationIsVisible = 0;
			defaultConfigurationName = Release;
		};
/* End XCConfigurationList section */

/* Begin XCRemoteSwiftPackageReference section */
		B6BABA252B3CA61B0055E135 /* XCRemoteSwiftPackageReference "Alamofire" */ = {
			isa = XCRemoteSwiftPackageReference;
			repositoryURL = "https://github.com/Alamofire/Alamofire.git";
			requirement = {
				kind = upToNextMajorVersion;
				minimumVersion = 5.0.0;
			};
		};
/* End XCRemoteSwiftPackageReference section */

/* Begin XCSwiftPackageProductDependency section */
		B6BABA262B3CA61B0055E135 /* Alamofire */ = {
			isa = XCSwiftPackageProductDependency;
			package = B6BABA252B3CA61B0055E135 /* XCRemoteSwiftPackageReference "Alamofire" */;
			productName = Alamofire;
		};
/* End XCSwiftPackageProductDependency section */
	};
	rootObject = B61330462B3C9EDC00E3060C /* Project object */;
}
